
Microsoft Visual Studio Solution File, Format Version 12.00
# Visual Studio 2013
VisualStudioVersion = 12.0.40629.0
MinimumVisualStudioVersion = 10.0.40219.1
Project("{F2A71F9B-5D33-465A-A702-920D77279786}") = "Day01_TaxiDistance", "Day01_TaxiDistance\Day01_TaxiDistance.fsproj", "{A8FD0832-2E8B-465D-8ED1-9BB7364FFA1D}"
EndProject
Project("{F2A71F9B-5D33-465A-A702-920D77279786}") = "Day02_BathroomSecurity", "Day02_BathroomSecurity\Day02_BathroomSecurity.fsproj", "{681FB618-B625-4442-9E1F-7FB343351377}"
EndProject
Project("{F2A71F9B-5D33-465A-A702-920D77279786}") = "Day03_Triangles", "Day03_Triangles\Day03_Triangles.fsproj", "{9BEE54E9-8ABB-4A59-BCE5-0547639B31D9}"
EndProject
Project("{F2A71F9B-5D33-465A-A702-920D77279786}") = "Helpers", "Helpers\Helpers.fsproj", "{331D7742-D7ED-498C-8FAF-9139EC71A342}"
EndProject
Project("{F2A71F9B-5D33-465A-A702-920D77279786}") = "Day04_DecoyData", "Day04_DecoyData\Day04_DecoyData.fsproj", "{3BFF960F-3AAE-4D30-925B-37E1BD0E7842}"
EndProject
Project("{F2A71F9B-5D33-465A-A702-920D77279786}") = "Day05_DoorHash", "Day05_DoorHash\Day05_DoorHash.fsproj", "{698538F7-943E-4D90-955F-30BBBCA848B9}"
EndProject
Project("{F2A71F9B-5D33-465A-A702-920D77279786}") = "Day06_ErrorCorrection", "Day06_ErrorCorrection\Day06_ErrorCorrection.fsproj", "{6CC19D8D-5393-4498-AEEF-DC8F1F8788DF}"
EndProject
Project("{F2A71F9B-5D33-465A-A702-920D77279786}") = "Day07_IPv7", "Day07_IPv7\Day07_IPv7.fsproj", "{A0789DA5-7A0E-4FF7-85AC-3633AA898724}"
EndProject
Project("{F2A71F9B-5D33-465A-A702-920D77279786}") = "Day08_TwoFactor", "Day08_TwoFactor\Day08_TwoFactor.fsproj", "{F646AAEA-B072-4068-81F2-65199C487C44}"
EndProject
Global
	GlobalSection(SolutionConfigurationPlatforms) = preSolution
		Debug|Any CPU = Debug|Any CPU
		Release|Any CPU = Release|Any CPU
	EndGlobalSection
	GlobalSection(ProjectConfigurationPlatforms) = postSolution
		{A8FD0832-2E8B-465D-8ED1-9BB7364FFA1D}.Debug|Any CPU.ActiveCfg = Debug|Any CPU
		{A8FD0832-2E8B-465D-8ED1-9BB7364FFA1D}.Debug|Any CPU.Build.0 = Debug|Any CPU
		{A8FD0832-2E8B-465D-8ED1-9BB7364FFA1D}.Release|Any CPU.ActiveCfg = Release|Any CPU
		{A8FD0832-2E8B-465D-8ED1-9BB7364FFA1D}.Release|Any CPU.Build.0 = Release|Any CPU
		{681FB618-B625-4442-9E1F-7FB343351377}.Debug|Any CPU.ActiveCfg = Debug|Any CPU
		{681FB618-B625-4442-9E1F-7FB343351377}.Debug|Any CPU.Build.0 = Debug|Any CPU
		{681FB618-B625-4442-9E1F-7FB343351377}.Release|Any CPU.ActiveCfg = Release|Any CPU
		{681FB618-B625-4442-9E1F-7FB343351377}.Release|Any CPU.Build.0 = Release|Any CPU
		{9BEE54E9-8ABB-4A59-BCE5-0547639B31D9}.Debug|Any CPU.ActiveCfg = Debug|Any CPU
		{9BEE54E9-8ABB-4A59-BCE5-0547639B31D9}.Debug|Any CPU.Build.0 = Debug|Any CPU
		{9BEE54E9-8ABB-4A59-BCE5-0547639B31D9}.Release|Any CPU.ActiveCfg = Release|Any CPU
		{9BEE54E9-8ABB-4A59-BCE5-0547639B31D9}.Release|Any CPU.Build.0 = Release|Any CPU
		{331D7742-D7ED-498C-8FAF-9139EC71A342}.Debug|Any CPU.ActiveCfg = Debug|Any CPU
		{331D7742-D7ED-498C-8FAF-9139EC71A342}.Debug|Any CPU.Build.0 = Debug|Any CPU
		{331D7742-D7ED-498C-8FAF-9139EC71A342}.Release|Any CPU.ActiveCfg = Release|Any CPU
		{331D7742-D7ED-498C-8FAF-9139EC71A342}.Release|Any CPU.Build.0 = Release|Any CPU
		{3BFF960F-3AAE-4D30-925B-37E1BD0E7842}.Debug|Any CPU.ActiveCfg = Debug|Any CPU
		{3BFF960F-3AAE-4D30-925B-37E1BD0E7842}.Debug|Any CPU.Build.0 = Debug|Any CPU
		{3BFF960F-3AAE-4D30-925B-37E1BD0E7842}.Release|Any CPU.ActiveCfg = Release|Any CPU
		{3BFF960F-3AAE-4D30-925B-37E1BD0E7842}.Release|Any CPU.Build.0 = Release|Any CPU
		{698538F7-943E-4D90-955F-30BBBCA848B9}.Debug|Any CPU.ActiveCfg = Debug|Any CPU
		{698538F7-943E-4D90-955F-30BBBCA848B9}.Debug|Any CPU.Build.0 = Debug|Any CPU
		{698538F7-943E-4D90-955F-30BBBCA848B9}.Release|Any CPU.ActiveCfg = Release|Any CPU
		{698538F7-943E-4D90-955F-30BBBCA848B9}.Release|Any CPU.Build.0 = Release|Any CPU
		{6CC19D8D-5393-4498-AEEF-DC8F1F8788DF}.Debug|Any CPU.ActiveCfg = Debug|Any CPU
		{6CC19D8D-5393-4498-AEEF-DC8F1F8788DF}.Debug|Any CPU.Build.0 = Debug|Any CPU
		{6CC19D8D-5393-4498-AEEF-DC8F1F8788DF}.Release|Any CPU.ActiveCfg = Release|Any CPU
		{6CC19D8D-5393-4498-AEEF-DC8F1F8788DF}.Release|Any CPU.Build.0 = Release|Any CPU
		{A0789DA5-7A0E-4FF7-85AC-3633AA898724}.Debug|Any CPU.ActiveCfg = Debug|Any CPU
		{A0789DA5-7A0E-4FF7-85AC-3633AA898724}.Debug|Any CPU.Build.0 = Debug|Any CPU
		{A0789DA5-7A0E-4FF7-85AC-3633AA898724}.Release|Any CPU.ActiveCfg = Release|Any CPU
		{A0789DA5-7A0E-4FF7-85AC-3633AA898724}.Release|Any CPU.Build.0 = Release|Any CPU
		{F646AAEA-B072-4068-81F2-65199C487C44}.Debug|Any CPU.ActiveCfg = Debug|Any CPU
		{F646AAEA-B072-4068-81F2-65199C487C44}.Debug|Any CPU.Build.0 = Debug|Any CPU
		{F646AAEA-B072-4068-81F2-65199C487C44}.Release|Any CPU.ActiveCfg = Release|Any CPU
		{F646AAEA-B072-4068-81F2-65199C487C44}.Release|Any CPU.Build.0 = Release|Any CPU
	EndGlobalSection
	GlobalSection(SolutionProperties) = preSolution
		HideSolutionNode = FALSE
	EndGlobalSection
EndGlobal
